schema: '2.0'
stages:
  preprocess:
    cmd: python src/preprocess.py
    deps:
    - path: data/raw/dataset.csv
      hash: md5
      md5: 61fdd54abdbf6a85b778e937122e1194
      size: 60302
    - path: src/preprocess.py
      hash: md5
      md5: 8224739f30d25f8d85a703636d64c769
      size: 883
    outs:
    - path: data/processed/processed.csv
      hash: md5
      md5: 3faebfde8e1f49ca1a127d6908e25c3a
      size: 59411
  train_models@LogisticRegression:
    cmd: CONFIG_PROFILE=test python src/train_single.py --model 
      LogisticRegression
    deps:
    - path: data/processed/processed.csv
      hash: md5
      md5: 3faebfde8e1f49ca1a127d6908e25c3a
      size: 59411
    - path: src/base_config.py
      hash: md5
      md5: 00f9622e783da880d97fc8c4bfcc3e8f
      size: 2193
    - path: src/train_single.py
      hash: md5
      md5: ed8693df04186713b55a83d488ad2829
      size: 6371
    - path: src/utils.py
      hash: md5
      md5: 161a923298275a53fa6b84b905e513d0
      size: 1003
    params:
      params.yaml:
        models:
          LogisticRegression:
            max_iter: 200
          RandomForest:
            n_estimators: 100
          GradientBoosting:
            n_estimators: 100
          SVC:
            kernel: rbf
            C: 1.0
          DecisionTree:
            max_depth: 10
          AdaBoost:
            n_estimators: 50
          Bagging:
            n_estimators: 50
        train:
          seed: 42
          test_size: 0.2
    outs:
    - path: metrics/train_models/LogisticRegression_metrics.json
      hash: md5
      md5: e86223884fa6cc05d5045904b8d398dc
      size: 143
    - path: models/LogisticRegression.pkl
      hash: md5
      md5: a3cb04ba213a3416982b582c4b722a1f
      size: 913
  train_models@RandomForest:
    cmd: CONFIG_PROFILE=test python src/train_single.py --model RandomForest
    deps:
    - path: data/processed/processed.csv
      hash: md5
      md5: 3faebfde8e1f49ca1a127d6908e25c3a
      size: 59411
    - path: src/base_config.py
      hash: md5
      md5: 00f9622e783da880d97fc8c4bfcc3e8f
      size: 2193
    - path: src/train_single.py
      hash: md5
      md5: ed8693df04186713b55a83d488ad2829
      size: 6371
    - path: src/utils.py
      hash: md5
      md5: 161a923298275a53fa6b84b905e513d0
      size: 1003
    params:
      params.yaml:
        models:
          LogisticRegression:
            max_iter: 200
          RandomForest:
            n_estimators: 100
          GradientBoosting:
            n_estimators: 100
          SVC:
            kernel: rbf
            C: 1.0
          DecisionTree:
            max_depth: 10
          AdaBoost:
            n_estimators: 50
          Bagging:
            n_estimators: 50
        train:
          seed: 42
          test_size: 0.2
    outs:
    - path: metrics/train_models/RandomForest_metrics.json
      hash: md5
      md5: c9efdbed0beef72490d71dfd9d57672d
      size: 137
    - path: models/RandomForest.pkl
      hash: md5
      md5: 1c1363dd58e9e2db7bf591fd9865ee05
      size: 1113904
  train_models@GradientBoosting:
    cmd: CONFIG_PROFILE=test python src/train_single.py --model GradientBoosting
    deps:
    - path: data/processed/processed.csv
      hash: md5
      md5: 3faebfde8e1f49ca1a127d6908e25c3a
      size: 59411
    - path: src/base_config.py
      hash: md5
      md5: 00f9622e783da880d97fc8c4bfcc3e8f
      size: 2193
    - path: src/train_single.py
      hash: md5
      md5: ed8693df04186713b55a83d488ad2829
      size: 6371
    - path: src/utils.py
      hash: md5
      md5: 161a923298275a53fa6b84b905e513d0
      size: 1003
    params:
      params.yaml:
        models:
          LogisticRegression:
            max_iter: 200
          RandomForest:
            n_estimators: 100
          GradientBoosting:
            n_estimators: 100
          SVC:
            kernel: rbf
            C: 1.0
          DecisionTree:
            max_depth: 10
          AdaBoost:
            n_estimators: 50
          Bagging:
            n_estimators: 50
        train:
          seed: 42
          test_size: 0.2
    outs:
    - path: metrics/train_models/GradientBoosting_metrics.json
      hash: md5
      md5: ec046070a17aea8d64acbf4928913972
      size: 141
    - path: models/GradientBoosting.pkl
      hash: md5
      md5: 7f01b6a23619e933e005362b92889b32
      size: 70389
  train_models@SVC:
    cmd: CONFIG_PROFILE=test python src/train_single.py --model SVC
    deps:
    - path: data/processed/processed.csv
      hash: md5
      md5: 3faebfde8e1f49ca1a127d6908e25c3a
      size: 59411
    - path: src/base_config.py
      hash: md5
      md5: 00f9622e783da880d97fc8c4bfcc3e8f
      size: 2193
    - path: src/train_single.py
      hash: md5
      md5: ed8693df04186713b55a83d488ad2829
      size: 6371
    - path: src/utils.py
      hash: md5
      md5: 161a923298275a53fa6b84b905e513d0
      size: 1003
    params:
      params.yaml:
        models:
          LogisticRegression:
            max_iter: 200
          RandomForest:
            n_estimators: 100
          GradientBoosting:
            n_estimators: 100
          SVC:
            kernel: rbf
            C: 1.0
          DecisionTree:
            max_depth: 10
          AdaBoost:
            n_estimators: 50
          Bagging:
            n_estimators: 50
        train:
          seed: 42
          test_size: 0.2
    outs:
    - path: metrics/train_models/SVC_metrics.json
      hash: md5
      md5: 4ca22395d4f69b0811e5d15f170ba5d8
      size: 128
    - path: models/SVC.pkl
      hash: md5
      md5: 1c8a2405caf986c11768aec0d4e86702
      size: 36486
  train_models@DecisionTree:
    cmd: CONFIG_PROFILE=test python src/train_single.py --model DecisionTree
    deps:
    - path: data/processed/processed.csv
      hash: md5
      md5: 3faebfde8e1f49ca1a127d6908e25c3a
      size: 59411
    - path: src/base_config.py
      hash: md5
      md5: 00f9622e783da880d97fc8c4bfcc3e8f
      size: 2193
    - path: src/train_single.py
      hash: md5
      md5: ed8693df04186713b55a83d488ad2829
      size: 6371
    - path: src/utils.py
      hash: md5
      md5: 161a923298275a53fa6b84b905e513d0
      size: 1003
    params:
      params.yaml:
        models:
          LogisticRegression:
            max_iter: 200
          RandomForest:
            n_estimators: 100
          GradientBoosting:
            n_estimators: 100
          SVC:
            kernel: rbf
            C: 1.0
          DecisionTree:
            max_depth: 10
          AdaBoost:
            n_estimators: 50
          Bagging:
            n_estimators: 50
        train:
          seed: 42
          test_size: 0.2
    outs:
    - path: metrics/train_models/DecisionTree_metrics.json
      hash: md5
      md5: 2aabbe2863f66e666c0bd05c7496bb9e
      size: 136
    - path: models/DecisionTree.pkl
      hash: md5
      md5: 897c380274fc5b1f422c077951e3460a
      size: 9845
  train_models@AdaBoost:
    cmd: CONFIG_PROFILE=test python src/train_single.py --model AdaBoost
    deps:
    - path: data/processed/processed.csv
      hash: md5
      md5: 3faebfde8e1f49ca1a127d6908e25c3a
      size: 59411
    - path: src/base_config.py
      hash: md5
      md5: 00f9622e783da880d97fc8c4bfcc3e8f
      size: 2193
    - path: src/train_single.py
      hash: md5
      md5: ed8693df04186713b55a83d488ad2829
      size: 6371
    - path: src/utils.py
      hash: md5
      md5: 161a923298275a53fa6b84b905e513d0
      size: 1003
    params:
      params.yaml:
        models:
          LogisticRegression:
            max_iter: 200
          RandomForest:
            n_estimators: 100
          GradientBoosting:
            n_estimators: 100
          SVC:
            kernel: rbf
            C: 1.0
          DecisionTree:
            max_depth: 10
          AdaBoost:
            n_estimators: 50
          Bagging:
            n_estimators: 50
        train:
          seed: 42
          test_size: 0.2
    outs:
    - path: metrics/train_models/AdaBoost_metrics.json
      hash: md5
      md5: d6f56f6ae92e7fdb7c6ecd95c12a3a12
      size: 133
    - path: models/AdaBoost.pkl
      hash: md5
      md5: 106136143cec966cd9448692f1cada6d
      size: 18005
  train_models@Bagging:
    cmd: CONFIG_PROFILE=test python src/train_single.py --model Bagging
    deps:
    - path: data/processed/processed.csv
      hash: md5
      md5: 3faebfde8e1f49ca1a127d6908e25c3a
      size: 59411
    - path: src/base_config.py
      hash: md5
      md5: 00f9622e783da880d97fc8c4bfcc3e8f
      size: 2193
    - path: src/train_single.py
      hash: md5
      md5: ed8693df04186713b55a83d488ad2829
      size: 6371
    - path: src/utils.py
      hash: md5
      md5: 161a923298275a53fa6b84b905e513d0
      size: 1003
    params:
      params.yaml:
        models:
          LogisticRegression:
            max_iter: 200
          RandomForest:
            n_estimators: 100
          GradientBoosting:
            n_estimators: 100
          SVC:
            kernel: rbf
            C: 1.0
          DecisionTree:
            max_depth: 10
          AdaBoost:
            n_estimators: 50
          Bagging:
            n_estimators: 50
        train:
          seed: 42
          test_size: 0.2
    outs:
    - path: metrics/train_models/Bagging_metrics.json
      hash: md5
      md5: b9f4eb1432eb81d031cd882aab507edd
      size: 132
    - path: models/Bagging.pkl
      hash: md5
      md5: 5a29319d036232772b9adc2994538781
      size: 497957
  select_best:
    cmd: python src/select_best.py
    deps:
    - path: metrics/train_models
      hash: md5
      md5: 8261cf56b69322f4d2e24ab0d21eefab.dir
      size: 950
      nfiles: 7
    - path: src/select_best.py
      hash: md5
      md5: 399ab5aa6c9d857897fd6a8fb3a05f37
      size: 3128
    outs:
    - path: metrics/best_model_metrics.json
      hash: md5
      md5: 43a371e16b904270a9a22a49c002cde9
      size: 402
    - path: models/best_model.pkl
      hash: md5
      md5: 7f01b6a23619e933e005362b92889b32
      size: 70389
  evaluate:
    cmd: python src/eval.py
    deps:
    - path: data/processed/processed.csv
      hash: md5
      md5: 3faebfde8e1f49ca1a127d6908e25c3a
      size: 59411
    - path: models/best_model.pkl
      hash: md5
      md5: 7f01b6a23619e933e005362b92889b32
      size: 70389
    - path: src/eval.py
      hash: md5
      md5: 396e6c1777a415c10f3a4d0341eff8c5
      size: 3359
    outs:
    - path: metrics/best_model_advanced_metrics.json
      hash: md5
      md5: 504347aba50f3420446564d374430b53
      size: 276
