schema: '2.0'
stages:
  preprocess:
    cmd: python src/preprocess.py
    deps:
    - path: data/raw/dataset.csv
      hash: md5
      md5: 61fdd54abdbf6a85b778e937122e1194
      size: 60302
    - path: src/preprocess.py
      hash: md5
      md5: fecd62a475bbf414fd29b50b0dd23052
      size: 3630
    outs:
    - path: data/processed/processed.csv
      hash: md5
      md5: 3faebfde8e1f49ca1a127d6908e25c3a
      size: 59411
  train_models@LogisticRegression:
    cmd: CONFIG_PROFILE=test python src/train_single.py --model 
      LogisticRegression
    deps:
    - path: data/processed/processed.csv
      hash: md5
      md5: 3faebfde8e1f49ca1a127d6908e25c3a
      size: 59411
    - path: src/base_config.py
      hash: md5
      md5: b241a9358c5cdfe0552532592e00b7b9
      size: 3589
    - path: src/train_single.py
      hash: md5
      md5: 0b377a0578d03580386a231e8003801d
      size: 7756
    - path: src/utils.py
      hash: md5
      md5: a3251382ee3968b346574b9b42109cd1
      size: 3831
    params:
      params.yaml:
        models:
          LogisticRegression:
            max_iter: 200
          RandomForest:
            n_estimators: 100
          GradientBoosting:
            n_estimators: 100
          SVC:
            kernel: rbf
            C: 1.0
          DecisionTree:
            max_depth: 10
          AdaBoost:
            n_estimators: 50
          Bagging:
            n_estimators: 50
        train:
          seed: 42
          test_size: 0.2
    outs:
    - path: metrics/train_models/LogisticRegression_metrics.json
      hash: md5
      md5: a1036231d6088a50413065c50b4f5076
      size: 143
    - path: models/LogisticRegression.pkl
      hash: md5
      md5: a3cb04ba213a3416982b582c4b722a1f
      size: 913
  train_models@RandomForest:
    cmd: CONFIG_PROFILE=test python src/train_single.py --model RandomForest
    deps:
    - path: data/processed/processed.csv
      hash: md5
      md5: 3faebfde8e1f49ca1a127d6908e25c3a
      size: 59411
    - path: src/base_config.py
      hash: md5
      md5: b241a9358c5cdfe0552532592e00b7b9
      size: 3589
    - path: src/train_single.py
      hash: md5
      md5: 0b377a0578d03580386a231e8003801d
      size: 7756
    - path: src/utils.py
      hash: md5
      md5: a3251382ee3968b346574b9b42109cd1
      size: 3831
    params:
      params.yaml:
        models:
          LogisticRegression:
            max_iter: 200
          RandomForest:
            n_estimators: 100
          GradientBoosting:
            n_estimators: 100
          SVC:
            kernel: rbf
            C: 1.0
          DecisionTree:
            max_depth: 10
          AdaBoost:
            n_estimators: 50
          Bagging:
            n_estimators: 50
        train:
          seed: 42
          test_size: 0.2
    outs:
    - path: metrics/train_models/RandomForest_metrics.json
      hash: md5
      md5: 7342b3f4cfe2ad2646bea990e19e1d3f
      size: 137
    - path: models/RandomForest.pkl
      hash: md5
      md5: 1c1363dd58e9e2db7bf591fd9865ee05
      size: 1113904
  train_models@GradientBoosting:
    cmd: CONFIG_PROFILE=test python src/train_single.py --model GradientBoosting
    deps:
    - path: data/processed/processed.csv
      hash: md5
      md5: 3faebfde8e1f49ca1a127d6908e25c3a
      size: 59411
    - path: src/base_config.py
      hash: md5
      md5: b241a9358c5cdfe0552532592e00b7b9
      size: 3589
    - path: src/train_single.py
      hash: md5
      md5: 0b377a0578d03580386a231e8003801d
      size: 7756
    - path: src/utils.py
      hash: md5
      md5: a3251382ee3968b346574b9b42109cd1
      size: 3831
    params:
      params.yaml:
        models:
          LogisticRegression:
            max_iter: 200
          RandomForest:
            n_estimators: 100
          GradientBoosting:
            n_estimators: 100
          SVC:
            kernel: rbf
            C: 1.0
          DecisionTree:
            max_depth: 10
          AdaBoost:
            n_estimators: 50
          Bagging:
            n_estimators: 50
        train:
          seed: 42
          test_size: 0.2
    outs:
    - path: metrics/train_models/GradientBoosting_metrics.json
      hash: md5
      md5: 64b4952ca60e03aa66417abced853a02
      size: 141
    - path: models/GradientBoosting.pkl
      hash: md5
      md5: 7f01b6a23619e933e005362b92889b32
      size: 70389
  train_models@SVC:
    cmd: CONFIG_PROFILE=test python src/train_single.py --model SVC
    deps:
    - path: data/processed/processed.csv
      hash: md5
      md5: 3faebfde8e1f49ca1a127d6908e25c3a
      size: 59411
    - path: src/base_config.py
      hash: md5
      md5: b241a9358c5cdfe0552532592e00b7b9
      size: 3589
    - path: src/train_single.py
      hash: md5
      md5: 0b377a0578d03580386a231e8003801d
      size: 7756
    - path: src/utils.py
      hash: md5
      md5: a3251382ee3968b346574b9b42109cd1
      size: 3831
    params:
      params.yaml:
        models:
          LogisticRegression:
            max_iter: 200
          RandomForest:
            n_estimators: 100
          GradientBoosting:
            n_estimators: 100
          SVC:
            kernel: rbf
            C: 1.0
          DecisionTree:
            max_depth: 10
          AdaBoost:
            n_estimators: 50
          Bagging:
            n_estimators: 50
        train:
          seed: 42
          test_size: 0.2
    outs:
    - path: metrics/train_models/SVC_metrics.json
      hash: md5
      md5: 4c67bf588ed1d9c98b2ee87b7075a2f1
      size: 128
    - path: models/SVC.pkl
      hash: md5
      md5: 1c8a2405caf986c11768aec0d4e86702
      size: 36486
  train_models@DecisionTree:
    cmd: CONFIG_PROFILE=test python src/train_single.py --model DecisionTree
    deps:
    - path: data/processed/processed.csv
      hash: md5
      md5: 3faebfde8e1f49ca1a127d6908e25c3a
      size: 59411
    - path: src/base_config.py
      hash: md5
      md5: b241a9358c5cdfe0552532592e00b7b9
      size: 3589
    - path: src/train_single.py
      hash: md5
      md5: 0b377a0578d03580386a231e8003801d
      size: 7756
    - path: src/utils.py
      hash: md5
      md5: a3251382ee3968b346574b9b42109cd1
      size: 3831
    params:
      params.yaml:
        models:
          LogisticRegression:
            max_iter: 200
          RandomForest:
            n_estimators: 100
          GradientBoosting:
            n_estimators: 100
          SVC:
            kernel: rbf
            C: 1.0
          DecisionTree:
            max_depth: 10
          AdaBoost:
            n_estimators: 50
          Bagging:
            n_estimators: 50
        train:
          seed: 42
          test_size: 0.2
    outs:
    - path: metrics/train_models/DecisionTree_metrics.json
      hash: md5
      md5: 0af152013548f2bd9bc236228ee7aa5b
      size: 136
    - path: models/DecisionTree.pkl
      hash: md5
      md5: 897c380274fc5b1f422c077951e3460a
      size: 9845
  train_models@AdaBoost:
    cmd: CONFIG_PROFILE=test python src/train_single.py --model AdaBoost
    deps:
    - path: data/processed/processed.csv
      hash: md5
      md5: 3faebfde8e1f49ca1a127d6908e25c3a
      size: 59411
    - path: src/base_config.py
      hash: md5
      md5: b241a9358c5cdfe0552532592e00b7b9
      size: 3589
    - path: src/train_single.py
      hash: md5
      md5: 0b377a0578d03580386a231e8003801d
      size: 7756
    - path: src/utils.py
      hash: md5
      md5: a3251382ee3968b346574b9b42109cd1
      size: 3831
    params:
      params.yaml:
        models:
          LogisticRegression:
            max_iter: 200
          RandomForest:
            n_estimators: 100
          GradientBoosting:
            n_estimators: 100
          SVC:
            kernel: rbf
            C: 1.0
          DecisionTree:
            max_depth: 10
          AdaBoost:
            n_estimators: 50
          Bagging:
            n_estimators: 50
        train:
          seed: 42
          test_size: 0.2
    outs:
    - path: metrics/train_models/AdaBoost_metrics.json
      hash: md5
      md5: 4faf01aaeb99dd672374a9e5a9894509
      size: 133
    - path: models/AdaBoost.pkl
      hash: md5
      md5: 106136143cec966cd9448692f1cada6d
      size: 18005
  train_models@Bagging:
    cmd: CONFIG_PROFILE=test python src/train_single.py --model Bagging
    deps:
    - path: data/processed/processed.csv
      hash: md5
      md5: 3faebfde8e1f49ca1a127d6908e25c3a
      size: 59411
    - path: src/base_config.py
      hash: md5
      md5: b241a9358c5cdfe0552532592e00b7b9
      size: 3589
    - path: src/train_single.py
      hash: md5
      md5: 0b377a0578d03580386a231e8003801d
      size: 7756
    - path: src/utils.py
      hash: md5
      md5: a3251382ee3968b346574b9b42109cd1
      size: 3831
    params:
      params.yaml:
        models:
          LogisticRegression:
            max_iter: 200
          RandomForest:
            n_estimators: 100
          GradientBoosting:
            n_estimators: 100
          SVC:
            kernel: rbf
            C: 1.0
          DecisionTree:
            max_depth: 10
          AdaBoost:
            n_estimators: 50
          Bagging:
            n_estimators: 50
        train:
          seed: 42
          test_size: 0.2
    outs:
    - path: metrics/train_models/Bagging_metrics.json
      hash: md5
      md5: b32bc20ca40a99c658acf88074169f4d
      size: 132
    - path: models/Bagging.pkl
      hash: md5
      md5: 5a29319d036232772b9adc2994538781
      size: 497957
  select_best:
    cmd: CONFIG_PROFILE=test python src/select_best.py
    deps:
    - path: metrics/train_models
      hash: md5
      md5: d21823d79722586ee13334efc5c0e8c9.dir
      size: 950
      nfiles: 7
    - path: src/select_best.py
      hash: md5
      md5: c160f93a0f27379595f8507eba08e57b
      size: 6912
    outs:
    - path: metrics/best_model_metrics.json
      hash: md5
      md5: 43a371e16b904270a9a22a49c002cde9
      size: 402
    - path: models/best_model.pkl
      hash: md5
      md5: 7f01b6a23619e933e005362b92889b32
      size: 70389
  evaluate:
    cmd: CONFIG_PROFILE=test python src/eval.py
    deps:
    - path: data/processed/processed.csv
      hash: md5
      md5: 3faebfde8e1f49ca1a127d6908e25c3a
      size: 59411
    - path: models/best_model.pkl
      hash: md5
      md5: 7f01b6a23619e933e005362b92889b32
      size: 70389
    - path: src/eval.py
      hash: md5
      md5: 81e957922ebe25919c4c181f053fdc1b
      size: 6730
    outs:
    - path: metrics/best_model_advanced_metrics.json
      hash: md5
      md5: 5b1c52e7a02920d4b65ef6664b381e25
      size: 275
  report:
    cmd: python src/generate_report.py
    deps:
    - path: metrics/best_model_advanced_metrics.json
      hash: md5
      md5: 5b1c52e7a02920d4b65ef6664b381e25
      size: 275
    - path: metrics/train_models
      hash: md5
      md5: d21823d79722586ee13334efc5c0e8c9.dir
      size: 950
      nfiles: 7
    - path: src/generate_report.py
      hash: md5
      md5: 71415666f5d609ea6de5e6a66893b0c0
      size: 7848
    outs:
    - path: docs/assets/images
      hash: md5
      md5: 526c8d068008f6f769d5b1462c5df8bb.dir
      size: 75148
      nfiles: 2
    - path: docs/experiments.md
      hash: md5
      md5: 8204435aaaa94531da3d6c25301a8e09
      size: 1077
